
Microsoft Visual Studio Solution File, Format Version 12.00
# Visual Studio Version 16
VisualStudioVersion = 16.0.31410.357
MinimumVisualStudioVersion = 10.0.40219.1
Project("{FAE04EC0-301F-11D3-BF4B-00C04F79EFBC}") = "samson.autofac.mediatr", "samson.autofac.mediatr\samson.autofac.mediatr.csproj", "{3793684E-F62B-4A40-8256-CBD6A3D4693A}"
EndProject
Project("{FAE04EC0-301F-11D3-BF4B-00C04F79EFBC}") = "samson.autofac.mediatr.interfaces", "samoson.autofac.mediatr.interface\samson.autofac.mediatr.interfaces.csproj", "{B9CBBEFF-3DD2-44C6-A372-93DF43146422}"
EndProject
Project("{FAE04EC0-301F-11D3-BF4B-00C04F79EFBC}") = "samson.autofac.mediatr.application", "samoson.autofac.mediatr.application\samson.autofac.mediatr.application.csproj", "{D362439B-D606-4393-ABBE-2123336AF276}"
EndProject
Project("{FAE04EC0-301F-11D3-BF4B-00C04F79EFBC}") = "samson.autofac.mediatr.infrastructure", "samson.autofac.mediatr.infrastructure\samson.autofac.mediatr.infrastructure.csproj", "{0F47F586-852E-41BF-A3C4-275B18632816}"
EndProject
Global
	GlobalSection(SolutionConfigurationPlatforms) = preSolution
		Debug|Any CPU = Debug|Any CPU
		Release|Any CPU = Release|Any CPU
	EndGlobalSection
	GlobalSection(ProjectConfigurationPlatforms) = postSolution
		{3793684E-F62B-4A40-8256-CBD6A3D4693A}.Debug|Any CPU.ActiveCfg = Debug|Any CPU
		{3793684E-F62B-4A40-8256-CBD6A3D4693A}.Debug|Any CPU.Build.0 = Debug|Any CPU
		{3793684E-F62B-4A40-8256-CBD6A3D4693A}.Release|Any CPU.ActiveCfg = Release|Any CPU
		{3793684E-F62B-4A40-8256-CBD6A3D4693A}.Release|Any CPU.Build.0 = Release|Any CPU
		{B9CBBEFF-3DD2-44C6-A372-93DF43146422}.Debug|Any CPU.ActiveCfg = Debug|Any CPU
		{B9CBBEFF-3DD2-44C6-A372-93DF43146422}.Debug|Any CPU.Build.0 = Debug|Any CPU
		{B9CBBEFF-3DD2-44C6-A372-93DF43146422}.Release|Any CPU.ActiveCfg = Release|Any CPU
		{B9CBBEFF-3DD2-44C6-A372-93DF43146422}.Release|Any CPU.Build.0 = Release|Any CPU
		{D362439B-D606-4393-ABBE-2123336AF276}.Debug|Any CPU.ActiveCfg = Debug|Any CPU
		{D362439B-D606-4393-ABBE-2123336AF276}.Debug|Any CPU.Build.0 = Debug|Any CPU
		{D362439B-D606-4393-ABBE-2123336AF276}.Release|Any CPU.ActiveCfg = Release|Any CPU
		{D362439B-D606-4393-ABBE-2123336AF276}.Release|Any CPU.Build.0 = Release|Any CPU
		{0F47F586-852E-41BF-A3C4-275B18632816}.Debug|Any CPU.ActiveCfg = Debug|Any CPU
		{0F47F586-852E-41BF-A3C4-275B18632816}.Debug|Any CPU.Build.0 = Debug|Any CPU
		{0F47F586-852E-41BF-A3C4-275B18632816}.Release|Any CPU.ActiveCfg = Release|Any CPU
		{0F47F586-852E-41BF-A3C4-275B18632816}.Release|Any CPU.Build.0 = Release|Any CPU
	EndGlobalSection
	GlobalSection(SolutionProperties) = preSolution
		HideSolutionNode = FALSE
	EndGlobalSection
	GlobalSection(ExtensibilityGlobals) = postSolution
		SolutionGuid = {2BF388C1-AE80-497F-ACEB-FAE5D66DFA1B}
	EndGlobalSection
EndGlobal
